// !$*UTF8*$!
{
	archiveVersion = 1;
	classes = {
	};
	objectVersion = 55;
	objects = {

/* Begin PBXBuildFile section */
		270BCB60A3A220F8E0D12D85 /* Pods_DateGeoHistory.framework in Frameworks */ = {isa = PBXBuildFile; fileRef = 440DBA8C00CB0336C3BB9906 /* Pods_DateGeoHistory.framework */; };
		B8129CDA28A3F21200347C70 /* AppDelegate.swift in Sources */ = {isa = PBXBuildFile; fileRef = B8129CD928A3F21200347C70 /* AppDelegate.swift */; };
		B8129CDC28A3F21200347C70 /* SceneDelegate.swift in Sources */ = {isa = PBXBuildFile; fileRef = B8129CDB28A3F21200347C70 /* SceneDelegate.swift */; };
		B8129CDE28A3F21200347C70 /* HomeViewController.swift in Sources */ = {isa = PBXBuildFile; fileRef = B8129CDD28A3F21200347C70 /* HomeViewController.swift */; };
		B8129CE328A3F21200347C70 /* Assets.xcassets in Resources */ = {isa = PBXBuildFile; fileRef = B8129CE228A3F21200347C70 /* Assets.xcassets */; };
		B8129CE628A3F21200347C70 /* LaunchScreen.storyboard in Resources */ = {isa = PBXBuildFile; fileRef = B8129CE428A3F21200347C70 /* LaunchScreen.storyboard */; };
		B814771528BA356D00F9A0A4 /* ScheduleCell.swift in Sources */ = {isa = PBXBuildFile; fileRef = B814771428BA356D00F9A0A4 /* ScheduleCell.swift */; };
		B82134F528A8E12E00652124 /* DateCell.swift in Sources */ = {isa = PBXBuildFile; fileRef = B82134F428A8E12E00652124 /* DateCell.swift */; };
		B82134FA28A8E24B00652124 /* AddScheduleController.swift in Sources */ = {isa = PBXBuildFile; fileRef = B82134F928A8E24B00652124 /* AddScheduleController.swift */; };
		B82134FD28A8E91500652124 /* Schedule.swift in Sources */ = {isa = PBXBuildFile; fileRef = B82134FC28A8E91500652124 /* Schedule.swift */; };
		B821350028A959C900652124 /* Date+.swift in Sources */ = {isa = PBXBuildFile; fileRef = B82134FF28A959C900652124 /* Date+.swift */; };
		B821350328A965EA00652124 /* String+.swift in Sources */ = {isa = PBXBuildFile; fileRef = B821350228A965EA00652124 /* String+.swift */; };
		B87DD96928BF83F200C8D312 /* EditScheduleController.swift in Sources */ = {isa = PBXBuildFile; fileRef = B87DD96828BF83F200C8D312 /* EditScheduleController.swift */; };
		B87DD96B28C0D00500C8D312 /* Protocols.swift in Sources */ = {isa = PBXBuildFile; fileRef = B87DD96A28C0D00500C8D312 /* Protocols.swift */; };
		B89667B128AD1D44005688D3 /* UIView+.swift in Sources */ = {isa = PBXBuildFile; fileRef = B89667B028AD1D44005688D3 /* UIView+.swift */; };
		B89667B528AD271B005688D3 /* UITextField+.swift in Sources */ = {isa = PBXBuildFile; fileRef = B89667B428AD271B005688D3 /* UITextField+.swift */; };
		B89667B728AE8254005688D3 /* UnderLineTextField.swift in Sources */ = {isa = PBXBuildFile; fileRef = B89667B628AE8254005688D3 /* UnderLineTextField.swift */; };
/* End PBXBuildFile section */

/* Begin PBXFileReference section */
		16206DA1EAA2570822B053C1 /* Pods-DateGeoHistory.release.xcconfig */ = {isa = PBXFileReference; includeInIndex = 1; lastKnownFileType = text.xcconfig; name = "Pods-DateGeoHistory.release.xcconfig"; path = "Target Support Files/Pods-DateGeoHistory/Pods-DateGeoHistory.release.xcconfig"; sourceTree = "<group>"; };
		440DBA8C00CB0336C3BB9906 /* Pods_DateGeoHistory.framework */ = {isa = PBXFileReference; explicitFileType = wrapper.framework; includeInIndex = 0; path = Pods_DateGeoHistory.framework; sourceTree = BUILT_PRODUCTS_DIR; };
		552669AD1248EF956377F2E0 /* Pods-DateGeoHistory.debug.xcconfig */ = {isa = PBXFileReference; includeInIndex = 1; lastKnownFileType = text.xcconfig; name = "Pods-DateGeoHistory.debug.xcconfig"; path = "Target Support Files/Pods-DateGeoHistory/Pods-DateGeoHistory.debug.xcconfig"; sourceTree = "<group>"; };
		B8129CD628A3F21200347C70 /* DateGeoHistory.app */ = {isa = PBXFileReference; explicitFileType = wrapper.application; includeInIndex = 0; path = DateGeoHistory.app; sourceTree = BUILT_PRODUCTS_DIR; };
		B8129CD928A3F21200347C70 /* AppDelegate.swift */ = {isa = PBXFileReference; lastKnownFileType = sourcecode.swift; path = AppDelegate.swift; sourceTree = "<group>"; };
		B8129CDB28A3F21200347C70 /* SceneDelegate.swift */ = {isa = PBXFileReference; lastKnownFileType = sourcecode.swift; path = SceneDelegate.swift; sourceTree = "<group>"; };
		B8129CDD28A3F21200347C70 /* HomeViewController.swift */ = {isa = PBXFileReference; lastKnownFileType = sourcecode.swift; path = HomeViewController.swift; sourceTree = "<group>"; };
		B8129CE228A3F21200347C70 /* Assets.xcassets */ = {isa = PBXFileReference; lastKnownFileType = folder.assetcatalog; path = Assets.xcassets; sourceTree = "<group>"; };
		B8129CE528A3F21200347C70 /* Base */ = {isa = PBXFileReference; lastKnownFileType = file.storyboard; name = Base; path = Base.lproj/LaunchScreen.storyboard; sourceTree = "<group>"; };
		B8129CE728A3F21200347C70 /* Info.plist */ = {isa = PBXFileReference; lastKnownFileType = text.plist.xml; path = Info.plist; sourceTree = "<group>"; };
		B814771428BA356D00F9A0A4 /* ScheduleCell.swift */ = {isa = PBXFileReference; lastKnownFileType = sourcecode.swift; path = ScheduleCell.swift; sourceTree = "<group>"; };
		B82134F428A8E12E00652124 /* DateCell.swift */ = {isa = PBXFileReference; lastKnownFileType = sourcecode.swift; path = DateCell.swift; sourceTree = "<group>"; };
		B82134F928A8E24B00652124 /* AddScheduleController.swift */ = {isa = PBXFileReference; lastKnownFileType = sourcecode.swift; path = AddScheduleController.swift; sourceTree = "<group>"; };
		B82134FC28A8E91500652124 /* Schedule.swift */ = {isa = PBXFileReference; lastKnownFileType = sourcecode.swift; path = Schedule.swift; sourceTree = "<group>"; };
		B82134FF28A959C900652124 /* Date+.swift */ = {isa = PBXFileReference; lastKnownFileType = sourcecode.swift; path = "Date+.swift"; sourceTree = "<group>"; };
		B821350228A965EA00652124 /* String+.swift */ = {isa = PBXFileReference; lastKnownFileType = sourcecode.swift; path = "String+.swift"; sourceTree = "<group>"; };
		B87DD96828BF83F200C8D312 /* EditScheduleController.swift */ = {isa = PBXFileReference; lastKnownFileType = sourcecode.swift; path = EditScheduleController.swift; sourceTree = "<group>"; };
		B87DD96A28C0D00500C8D312 /* Protocols.swift */ = {isa = PBXFileReference; lastKnownFileType = sourcecode.swift; path = Protocols.swift; sourceTree = "<group>"; };
		B89667B028AD1D44005688D3 /* UIView+.swift */ = {isa = PBXFileReference; lastKnownFileType = sourcecode.swift; path = "UIView+.swift"; sourceTree = "<group>"; };
		B89667B428AD271B005688D3 /* UITextField+.swift */ = {isa = PBXFileReference; lastKnownFileType = sourcecode.swift; path = "UITextField+.swift"; sourceTree = "<group>"; };
		B89667B628AE8254005688D3 /* UnderLineTextField.swift */ = {isa = PBXFileReference; lastKnownFileType = sourcecode.swift; path = UnderLineTextField.swift; sourceTree = "<group>"; };
/* End PBXFileReference section */

/* Begin PBXFrameworksBuildPhase section */
		B8129CD328A3F21200347C70 /* Frameworks */ = {
			isa = PBXFrameworksBuildPhase;
			buildActionMask = 2147483647;
			files = (
				270BCB60A3A220F8E0D12D85 /* Pods_DateGeoHistory.framework in Frameworks */,
			);
			runOnlyForDeploymentPostprocessing = 0;
		};
/* End PBXFrameworksBuildPhase section */

/* Begin PBXGroup section */
		702939BC40E4C7D3643FEBBE /* Frameworks */ = {
			isa = PBXGroup;
			children = (
				440DBA8C00CB0336C3BB9906 /* Pods_DateGeoHistory.framework */,
			);
			name = Frameworks;
			sourceTree = "<group>";
		};
		B8129CCD28A3F21200347C70 = {
			isa = PBXGroup;
			children = (
				B8129CD828A3F21200347C70 /* DateGeoHistory */,
				B8129CD728A3F21200347C70 /* Products */,
				E029EE3BC5D4AB4DC33728B2 /* Pods */,
				702939BC40E4C7D3643FEBBE /* Frameworks */,
			);
			sourceTree = "<group>";
		};
		B8129CD728A3F21200347C70 /* Products */ = {
			isa = PBXGroup;
			children = (
				B8129CD628A3F21200347C70 /* DateGeoHistory.app */,
			);
			name = Products;
			sourceTree = "<group>";
		};
		B8129CD828A3F21200347C70 /* DateGeoHistory */ = {
			isa = PBXGroup;
			children = (
				B8129CD928A3F21200347C70 /* AppDelegate.swift */,
				B8129CDB28A3F21200347C70 /* SceneDelegate.swift */,
				B82134F728A8E13F00652124 /* Scene */,
				B821350128A959D000652124 /* Extensions */,
				B8129CDD28A3F21200347C70 /* HomeViewController.swift */,
				B8129CE228A3F21200347C70 /* Assets.xcassets */,
				B8129CE428A3F21200347C70 /* LaunchScreen.storyboard */,
				B8129CE728A3F21200347C70 /* Info.plist */,
			);
			path = DateGeoHistory;
			sourceTree = "<group>";
		};
		B82134F628A8E13200652124 /* Cells */ = {
			isa = PBXGroup;
			children = (
				B82134F428A8E12E00652124 /* DateCell.swift */,
				B814771428BA356D00F9A0A4 /* ScheduleCell.swift */,
			);
			path = Cells;
			sourceTree = "<group>";
		};
		B82134F728A8E13F00652124 /* Scene */ = {
			isa = PBXGroup;
			children = (
				B82134FB28A8E8F200652124 /* AddDate */,
				B82134F628A8E13200652124 /* Cells */,
				B82134FE28A8E91A00652124 /* Models */,
			);
			path = Scene;
			sourceTree = "<group>";
		};
		B82134FB28A8E8F200652124 /* AddDate */ = {
			isa = PBXGroup;
			children = (
				B82134F928A8E24B00652124 /* AddScheduleController.swift */,
				B87DD96828BF83F200C8D312 /* EditScheduleController.swift */,
			);
			path = AddDate;
			sourceTree = "<group>";
		};
		B82134FE28A8E91A00652124 /* Models */ = {
			isa = PBXGroup;
			children = (
				B82134FC28A8E91500652124 /* Schedule.swift */,
			);
			path = Models;
			sourceTree = "<group>";
		};
		B821350128A959D000652124 /* Extensions */ = {
			isa = PBXGroup;
			children = (
				B82134FF28A959C900652124 /* Date+.swift */,
				B821350228A965EA00652124 /* String+.swift */,
				B89667B028AD1D44005688D3 /* UIView+.swift */,
				B89667B428AD271B005688D3 /* UITextField+.swift */,
				B89667B628AE8254005688D3 /* UnderLineTextField.swift */,
				B87DD96A28C0D00500C8D312 /* Protocols.swift */,
			);
			path = Extensions;
			sourceTree = "<group>";
		};
		E029EE3BC5D4AB4DC33728B2 /* Pods */ = {
			isa = PBXGroup;
			children = (
				552669AD1248EF956377F2E0 /* Pods-DateGeoHistory.debug.xcconfig */,
				16206DA1EAA2570822B053C1 /* Pods-DateGeoHistory.release.xcconfig */,
			);
			path = Pods;
			sourceTree = "<group>";
		};
/* End PBXGroup section */

/* Begin PBXNativeTarget section */
		B8129CD528A3F21200347C70 /* DateGeoHistory */ = {
			isa = PBXNativeTarget;
			buildConfigurationList = B8129CEA28A3F21200347C70 /* Build configuration list for PBXNativeTarget "DateGeoHistory" */;
			buildPhases = (
				CCDACA1780017533EBCD1497 /* [CP] Check Pods Manifest.lock */,
				B8129CD228A3F21200347C70 /* Sources */,
				B8129CD328A3F21200347C70 /* Frameworks */,
				B8129CD428A3F21200347C70 /* Resources */,
				8D354053AC0606484262164C /* [CP] Embed Pods Frameworks */,
			);
			buildRules = (
			);
			dependencies = (
			);
			name = DateGeoHistory;
			productName = DateGeoHistory;
			productReference = B8129CD628A3F21200347C70 /* DateGeoHistory.app */;
			productType = "com.apple.product-type.application";
		};
/* End PBXNativeTarget section */

/* Begin PBXProject section */
		B8129CCE28A3F21200347C70 /* Project object */ = {
			isa = PBXProject;
			attributes = {
				BuildIndependentTargetsInParallel = 1;
				LastSwiftUpdateCheck = 1340;
				LastUpgradeCheck = 1340;
				TargetAttributes = {
					B8129CD528A3F21200347C70 = {
						CreatedOnToolsVersion = 13.4.1;
					};
				};
			};
			buildConfigurationList = B8129CD128A3F21200347C70 /* Build configuration list for PBXProject "DateGeoHistory" */;
			compatibilityVersion = "Xcode 13.0";
			developmentRegion = en;
			hasScannedForEncodings = 0;
			knownRegions = (
				en,
				Base,
			);
			mainGroup = B8129CCD28A3F21200347C70;
			productRefGroup = B8129CD728A3F21200347C70 /* Products */;
			projectDirPath = "";
			projectRoot = "";
			targets = (
				B8129CD528A3F21200347C70 /* DateGeoHistory */,
			);
		};
/* End PBXProject section */

/* Begin PBXResourcesBuildPhase section */
		B8129CD428A3F21200347C70 /* Resources */ = {
			isa = PBXResourcesBuildPhase;
			buildActionMask = 2147483647;
			files = (
				B8129CE628A3F21200347C70 /* LaunchScreen.storyboard in Resources */,
				B8129CE328A3F21200347C70 /* Assets.xcassets in Resources */,
			);
			runOnlyForDeploymentPostprocessing = 0;
		};
/* End PBXResourcesBuildPhase section */

/* Begin PBXShellScriptBuildPhase section */
		8D354053AC0606484262164C /* [CP] Embed Pods Frameworks */ = {
			isa = PBXShellScriptBuildPhase;
			buildActionMask = 2147483647;
			files = (
			);
			inputFileListPaths = (
				"${PODS_ROOT}/Target Support Files/Pods-DateGeoHistory/Pods-DateGeoHistory-frameworks-${CONFIGURATION}-input-files.xcfilelist",
			);
			name = "[CP] Embed Pods Frameworks";
			outputFileListPaths = (
				"${PODS_ROOT}/Target Support Files/Pods-DateGeoHistory/Pods-DateGeoHistory-frameworks-${CONFIGURATION}-output-files.xcfilelist",
			);
			runOnlyForDeploymentPostprocessing = 0;
			shellPath = /bin/sh;
			shellScript = "\"${PODS_ROOT}/Target Support Files/Pods-DateGeoHistory/Pods-DateGeoHistory-frameworks.sh\"\n";
			showEnvVarsInLog = 0;
		};
		CCDACA1780017533EBCD1497 /* [CP] Check Pods Manifest.lock */ = {
			isa = PBXShellScriptBuildPhase;
			buildActionMask = 2147483647;
			files = (
			);
			inputFileListPaths = (
			);
			inputPaths = (
				"${PODS_PODFILE_DIR_PATH}/Podfile.lock",
				"${PODS_ROOT}/Manifest.lock",
			);
			name = "[CP] Check Pods Manifest.lock";
			outputFileListPaths = (
			);
			outputPaths = (
				"$(DERIVED_FILE_DIR)/Pods-DateGeoHistory-checkManifestLockResult.txt",
			);
			runOnlyForDeploymentPostprocessing = 0;
			shellPath = /bin/sh;
			shellScript = "diff \"${PODS_PODFILE_DIR_PATH}/Podfile.lock\" \"${PODS_ROOT}/Manifest.lock\" > /dev/null\nif [ $? != 0 ] ; then\n    # print error to STDERR\n    echo \"error: The sandbox is not in sync with the Podfile.lock. Run 'pod install' or update your CocoaPods installation.\" >&2\n    exit 1\nfi\n# This output is used by Xcode 'outputs' to avoid re-running this script phase.\necho \"SUCCESS\" > \"${SCRIPT_OUTPUT_FILE_0}\"\n";
			showEnvVarsInLog = 0;
		};
/* End PBXShellScriptBuildPhase section */

/* Begin PBXSourcesBuildPhase section */
		B8129CD228A3F21200347C70 /* Sources */ = {
			isa = PBXSourcesBuildPhase;
			buildActionMask = 2147483647;
			files = (
				B821350028A959C900652124 /* Date+.swift in Sources */,
				B89667B528AD271B005688D3 /* UITextField+.swift in Sources */,
				B82134FA28A8E24B00652124 /* AddScheduleController.swift in Sources */,
				B821350328A965EA00652124 /* String+.swift in Sources */,
				B82134FD28A8E91500652124 /* Schedule.swift in Sources */,
				B8129CDE28A3F21200347C70 /* HomeViewController.swift in Sources */,
				B8129CDA28A3F21200347C70 /* AppDelegate.swift in Sources */,
				B89667B128AD1D44005688D3 /* UIView+.swift in Sources */,
				B89667B728AE8254005688D3 /* UnderLineTextField.swift in Sources */,
				B87DD96B28C0D00500C8D312 /* Protocols.swift in Sources */,
				B8129CDC28A3F21200347C70 /* SceneDelegate.swift in Sources */,
				B814771528BA356D00F9A0A4 /* ScheduleCell.swift in Sources */,
				B82134F528A8E12E00652124 /* DateCell.swift in Sources */,
				B87DD96928BF83F200C8D312 /* EditScheduleController.swift in Sources */,
			);
			runOnlyForDeploymentPostprocessing = 0;
		};
/* End PBXSourcesBuildPhase section */

/* Begin PBXVariantGroup section */
		B8129CE428A3F21200347C70 /* LaunchScreen.storyboard */ = {
			isa = PBXVariantGroup;
			children = (
				B8129CE528A3F21200347C70 /* Base */,
			);
			name = LaunchScreen.storyboard;
			sourceTree = "<group>";
		};
/* End PBXVariantGroup section */

/* Begin XCBuildConfiguration section */
		B8129CE828A3F21200347C70 /* Debug */ = {
			isa = XCBuildConfiguration;
			buildSettings = {
				ALWAYS_SEARCH_USER_PATHS = NO;
				CLANG_ANALYZER_NONNULL = YES;
				CLANG_ANALYZER_NUMBER_OBJECT_CONVERSION = YES_AGGRESSIVE;
				CLANG_CXX_LANGUAGE_STANDARD = "gnu++17";
				CLANG_ENABLE_MODULES = YES;
				CLANG_ENABLE_OBJC_ARC = YES;
				CLANG_ENABLE_OBJC_WEAK = YES;
				CLANG_WARN_BLOCK_CAPTURE_AUTORELEASING = YES;
				CLANG_WARN_BOOL_CONVERSION = YES;
				CLANG_WARN_COMMA = YES;
				CLANG_WARN_CONSTANT_CONVERSION = YES;
				CLANG_WARN_DEPRECATED_OBJC_IMPLEMENTATIONS = YES;
				CLANG_WARN_DIRECT_OBJC_ISA_USAGE = YES_ERROR;
				CLANG_WARN_DOCUMENTATION_COMMENTS = YES;
				CLANG_WARN_EMPTY_BODY = YES;
				CLANG_WARN_ENUM_CONVERSION = YES;
				CLANG_WARN_INFINITE_RECURSION = YES;
				CLANG_WARN_INT_CONVERSION = YES;
				CLANG_WARN_NON_LITERAL_NULL_CONVERSION = YES;
				CLANG_WARN_OBJC_IMPLICIT_RETAIN_SELF = YES;
				CLANG_WARN_OBJC_LITERAL_CONVERSION = YES;
				CLANG_WARN_OBJC_ROOT_CLASS = YES_ERROR;
				CLANG_WARN_QUOTED_INCLUDE_IN_FRAMEWORK_HEADER = YES;
				CLANG_WARN_RANGE_LOOP_ANALYSIS = YES;
				CLANG_WARN_STRICT_PROTOTYPES = YES;
				CLANG_WARN_SUSPICIOUS_MOVE = YES;
				CLANG_WARN_UNGUARDED_AVAILABILITY = YES_AGGRESSIVE;
				CLANG_WARN_UNREACHABLE_CODE = YES;
				CLANG_WARN__DUPLICATE_METHOD_MATCH = YES;
				COPY_PHASE_STRIP = NO;
				DEBUG_INFORMATION_FORMAT = dwarf;
				ENABLE_STRICT_OBJC_MSGSEND = YES;
				ENABLE_TESTABILITY = YES;
				EXCLUDED_ARCHS = "";
				"EXCLUDED_ARCHS[sdk=*]" = arm64;
				GCC_C_LANGUAGE_STANDARD = gnu11;
				GCC_DYNAMIC_NO_PIC = NO;
				GCC_NO_COMMON_BLOCKS = YES;
				GCC_OPTIMIZATION_LEVEL = 0;
				GCC_PREPROCESSOR_DEFINITIONS = (
					"DEBUG=1",
					"$(inherited)",
				);
				GCC_WARN_64_TO_32_BIT_CONVERSION = YES;
				GCC_WARN_ABOUT_RETURN_TYPE = YES_ERROR;
				GCC_WARN_UNDECLARED_SELECTOR = YES;
				GCC_WARN_UNINITIALIZED_AUTOS = YES_AGGRESSIVE;
				GCC_WARN_UNUSED_FUNCTION = YES;
				GCC_WARN_UNUSED_VARIABLE = YES;
				IPHONEOS_DEPLOYMENT_TARGET = 15.5;
				MTL_ENABLE_DEBUG_INFO = INCLUDE_SOURCE;
				MTL_FAST_MATH = YES;
				ONLY_ACTIVE_ARCH = YES;
				SDKROOT = iphoneos;
				SWIFT_ACTIVE_COMPILATION_CONDITIONS = DEBUG;
				SWIFT_OPTIMIZATION_LEVEL = "-Onone";
			};
			name = Debug;
		};
		B8129CE928A3F21200347C70 /* Release */ = {
			isa = XCBuildConfiguration;
			buildSettings = {
				ALWAYS_SEARCH_USER_PATHS = NO;
				CLANG_ANALYZER_NONNULL = YES;
				CLANG_ANALYZER_NUMBER_OBJECT_CONVERSION = YES_AGGRESSIVE;
				CLANG_CXX_LANGUAGE_STANDARD = "gnu++17";
				CLANG_ENABLE_MODULES = YES;
				CLANG_ENABLE_OBJC_ARC = YES;
				CLANG_ENABLE_OBJC_WEAK = YES;
				CLANG_WARN_BLOCK_CAPTURE_AUTORELEASING = YES;
				CLANG_WARN_BOOL_CONVERSION = YES;
				CLANG_WARN_COMMA = YES;
				CLANG_WARN_CONSTANT_CONVERSION = YES;
				CLANG_WARN_DEPRECATED_OBJC_IMPLEMENTATIONS = YES;
				CLANG_WARN_DIRECT_OBJC_ISA_USAGE = YES_ERROR;
				CLANG_WARN_DOCUMENTATION_COMMENTS = YES;
				CLANG_WARN_EMPTY_BODY = YES;
				CLANG_WARN_ENUM_CONVERSION = YES;
				CLANG_WARN_INFINITE_RECURSION = YES;
				CLANG_WARN_INT_CONVERSION = YES;
				CLANG_WARN_NON_LITERAL_NULL_CONVERSION = YES;
				CLANG_WARN_OBJC_IMPLICIT_RETAIN_SELF = YES;
				CLANG_WARN_OBJC_LITERAL_CONVERSION = YES;
				CLANG_WARN_OBJC_ROOT_CLASS = YES_ERROR;
				CLANG_WARN_QUOTED_INCLUDE_IN_FRAMEWORK_HEADER = YES;
				CLANG_WARN_RANGE_LOOP_ANALYSIS = YES;
				CLANG_WARN_STRICT_PROTOTYPES = YES;
				CLANG_WARN_SUSPICIOUS_MOVE = YES;
				CLANG_WARN_UNGUARDED_AVAILABILITY = YES_AGGRESSIVE;
				CLANG_WARN_UNREACHABLE_CODE = YES;
				CLANG_WARN__DUPLICATE_METHOD_MATCH = YES;
				COPY_PHASE_STRIP = NO;
				DEBUG_INFORMATION_FORMAT = "dwarf-with-dsym";
				ENABLE_NS_ASSERTIONS = NO;
				ENABLE_STRICT_OBJC_MSGSEND = YES;
				EXCLUDED_ARCHS = "";
				"EXCLUDED_ARCHS[sdk=*]" = arm64;
				GCC_C_LANGUAGE_STANDARD = gnu11;
				GCC_NO_COMMON_BLOCKS = YES;
				GCC_WARN_64_TO_32_BIT_CONVERSION = YES;
				GCC_WARN_ABOUT_RETURN_TYPE = YES_ERROR;
				GCC_WARN_UNDECLARED_SELECTOR = YES;
				GCC_WARN_UNINITIALIZED_AUTOS = YES_AGGRESSIVE;
				GCC_WARN_UNUSED_FUNCTION = YES;
				GCC_WARN_UNUSED_VARIABLE = YES;
				IPHONEOS_DEPLOYMENT_TARGET = 15.5;
				MTL_ENABLE_DEBUG_INFO = NO;
				MTL_FAST_MATH = YES;
				SDKROOT = iphoneos;
				SWIFT_COMPILATION_MODE = wholemodule;
				SWIFT_OPTIMIZATION_LEVEL = "-O";
				VALIDATE_PRODUCT = YES;
			};
			name = Release;
		};
		B8129CEB28A3F21200347C70 /* Debug */ = {
			isa = XCBuildConfiguration;
			baseConfigurationReference = 552669AD1248EF956377F2E0 /* Pods-DateGeoHistory.debug.xcconfig */;
			buildSettings = {
				ASSETCATALOG_COMPILER_APPICON_NAME = AppIcon;
				ASSETCATALOG_COMPILER_GLOBAL_ACCENT_COLOR_NAME = AccentColor;
				CODE_SIGN_STYLE = Automatic;
				CURRENT_PROJECT_VERSION = 1;
				DEVELOPMENT_TEAM = 35C3S834CG;
				"EXCLUDED_ARCHS[sdk=*]" = "";
				GENERATE_INFOPLIST_FILE = YES;
				INFOPLIST_FILE = DateGeoHistory/Info.plist;
				INFOPLIST_KEY_UIApplicationSupportsIndirectInputEvents = YES;
				INFOPLIST_KEY_UILaunchStoryboardName = LaunchScreen;
				INFOPLIST_KEY_UISupportedInterfaceOrientations_iPad = "UIInterfaceOrientationPortrait UIInterfaceOrientationPortraitUpsideDown UIInterfaceOrientationLandscapeLeft UIInterfaceOrientationLandscapeRight";
				INFOPLIST_KEY_UISupportedInterfaceOrientations_iPhone = "UIInterfaceOrientationPortrait UIInterfaceOrientationLandscapeLeft UIInterfaceOrientationLandscapeRight";
				LD_RUNPATH_SEARCH_PATHS = (
					"$(inherited)",
					"@executable_path/Frameworks",
				);
				MARKETING_VERSION = 1.0;
				PRODUCT_BUNDLE_IDENTIFIER = kr.co.junotest01.DateGeoHistory;
				PRODUCT_NAME = "$(TARGET_NAME)";
				SWIFT_EMIT_LOC_STRINGS = YES;
				SWIFT_VERSION = 5.0;
				TARGETED_DEVICE_FAMILY = "1,2";
			};
			name = Debug;
		};
		B8129CEC28A3F21200347C70 /* Release */ = {
			isa = XCBuildConfiguration;
			baseConfigurationReference = 16206DA1EAA2570822B053C1 /* Pods-DateGeoHistory.release.xcconfig */;
			buildSettings = {
				ASSETCATALOG_COMPILER_APPICON_NAME = AppIcon;
				ASSETCATALOG_COMPILER_GLOBAL_ACCENT_COLOR_NAME = AccentColor;
				CODE_SIGN_STYLE = Automatic;
				CURRENT_PROJECT_VERSION = 1;
				DEVELOPMENT_TEAM = 35C3S834CG;
				"EXCLUDED_ARCHS[sdk=*]" = "";
				GENERATE_INFOPLIST_FILE = YES;
				INFOPLIST_FILE = DateGeoHistory/Info.plist;
				INFOPLIST_KEY_UIApplicationSupportsIndirectInputEvents = YES;
				INFOPLIST_KEY_UILaunchStoryboardName = LaunchScreen;
				INFOPLIST_KEY_UISupportedInterfaceOrientations_iPad = "UIInterfaceOrientationPortrait UIInterfaceOrientationPortraitUpsideDown UIInterfaceOrientationLandscapeLeft UIInterfaceOrientationLandscapeRight";
				INFOPLIST_KEY_UISupportedInterfaceOrientations_iPhone = "UIInterfaceOrientationPortrait UIInterfaceOrientationLandscapeLeft UIInterfaceOrientationLandscapeRight";
				LD_RUNPATH_SEARCH_PATHS = (
					"$(inherited)",
					"@executable_path/Frameworks",
				);
				MARKETING_VERSION = 1.0;
				PRODUCT_BUNDLE_IDENTIFIER = kr.co.junotest01.DateGeoHistory;
				PRODUCT_NAME = "$(TARGET_NAME)";
				SWIFT_EMIT_LOC_STRINGS = YES;
				SWIFT_VERSION = 5.0;
				TARGETED_DEVICE_FAMILY = "1,2";
			};
			name = Release;
		};
/* End XCBuildConfiguration section */

/* Begin XCConfigurationList section */
		B8129CD128A3F21200347C70 /* Build configuration list for PBXProject "DateGeoHistory" */ = {
			isa = XCConfigurationList;
			buildConfigurations = (
				B8129CE828A3F21200347C70 /* Debug */,
				B8129CE928A3F21200347C70 /* Release */,
			);
			defaultConfigurationIsVisible = 0;
			defaultConfigurationName = Release;
		};
		B8129CEA28A3F21200347C70 /* Build configuration list for PBXNativeTarget "DateGeoHistory" */ = {
			isa = XCConfigurationList;
			buildConfigurations = (
				B8129CEB28A3F21200347C70 /* Debug */,
				B8129CEC28A3F21200347C70 /* Release */,
			);
			defaultConfigurationIsVisible = 0;
			defaultConfigurationName = Release;
		};
/* End XCConfigurationList section */
	};
	rootObject = B8129CCE28A3F21200347C70 /* Project object */;
}
